
Microsoft Visual Studio Solution File, Format Version 12.00
# Visual Studio Version 17
VisualStudioVersion = 17.7.34221.43
MinimumVisualStudioVersion = 10.0.40219.1
Project("{FAE04EC0-301F-11D3-BF4B-00C04F79EFBC}") = "FootballWebApplication", "FootballWebApplication\FootballWebApplication.csproj", "{BBE0D384-0625-4203-B520-612A3ABD2E59}"
EndProject
Global
	GlobalSection(SolutionConfigurationPlatforms) = preSolution
		Debug|Any CPU = Debug|Any CPU
		Release|Any CPU = Release|Any CPU
	EndGlobalSection
	GlobalSection(ProjectConfigurationPlatforms) = postSolution
		{BBE0D384-0625-4203-B520-612A3ABD2E59}.Debug|Any CPU.ActiveCfg = Debug|Any CPU
		{BBE0D384-0625-4203-B520-612A3ABD2E59}.Debug|Any CPU.Build.0 = Debug|Any CPU
		{BBE0D384-0625-4203-B520-612A3ABD2E59}.Release|Any CPU.ActiveCfg = Release|Any CPU
		{BBE0D384-0625-4203-B520-612A3ABD2E59}.Release|Any CPU.Build.0 = Release|Any CPU
	EndGlobalSection
	GlobalSection(SolutionProperties) = preSolution
		HideSolutionNode = FALSE
	EndGlobalSection
	GlobalSection(ExtensibilityGlobals) = postSolution
		SolutionGuid = {682DB10A-3993-481B-8739-316E95B4CDB1}
	EndGlobalSection
EndGlobal
